
Microsoft Visual Studio Solution File, Format Version 12.00
# Visual Studio 2013
VisualStudioVersion = 12.0.31101.0
MinimumVisualStudioVersion = 10.0.40219.1
Project("{FAE04EC0-301F-11D3-BF4B-00C04F79EFBC}") = "01.Odd or Even Integers", "01.Odd or Even Integers\01.Odd or Even Integers.csproj", "{9982B3B3-7F9E-4553-A022-164F234B5543}"
EndProject
Project("{FAE04EC0-301F-11D3-BF4B-00C04F79EFBC}") = "02.WeightOnMoon", "02.WeightOnMoon\02.WeightOnMoon.csproj", "{D9092054-62F6-4760-9DD5-FAFBABC4608D}"
EndProject
Project("{FAE04EC0-301F-11D3-BF4B-00C04F79EFBC}") = "03.Divideby7and5", "03.Divideby7and5\03.Divideby7and5.csproj", "{33A99AE0-79E0-48A8-8CC2-76A018D8C129}"
EndProject
Project("{FAE04EC0-301F-11D3-BF4B-00C04F79EFBC}") = "04.Rectangles", "04.Rectangles\04.Rectangles.csproj", "{57E5F084-0660-4FF9-A8D4-05C90F7BA2C2}"
EndProject
Project("{FAE04EC0-301F-11D3-BF4B-00C04F79EFBC}") = "05.Third Digit is 7", "05.Third Digit is 7\05.Third Digit is 7.csproj", "{FC67088D-2DDF-4F02-9E3C-B16F605A8B1A}"
EndProject
Project("{FAE04EC0-301F-11D3-BF4B-00C04F79EFBC}") = "06.Four-Digit Number", "06.Four-Digit Number\06.Four-Digit Number.csproj", "{CDB62243-E8A7-4442-AF9C-D7C509A691B4}"
EndProject
Project("{FAE04EC0-301F-11D3-BF4B-00C04F79EFBC}") = "07.Point in a Circle", "07.Point in a Circle\07.Point in a Circle.csproj", "{1D4E5DE8-4460-4ADA-B263-827CA35987F3}"
EndProject
Project("{FAE04EC0-301F-11D3-BF4B-00C04F79EFBC}") = "08. Prime Number Check", "08. Prime Number Check\08. Prime Number Check.csproj", "{162F5D13-D4B0-4324-ADE7-36F7C8C25666}"
EndProject
Project("{FAE04EC0-301F-11D3-BF4B-00C04F79EFBC}") = "09.Trapezoids", "09.Trapezoids\09.Trapezoids.csproj", "{73CD136D-C2A5-4D0E-80F4-BCD170FCBBF1}"
EndProject
Project("{FAE04EC0-301F-11D3-BF4B-00C04F79EFBC}") = "10.PtInACircleOutsideRectangle", "10.PtInACircleOutsideRectangle\10.PtInACircleOutsideRectangle.csproj", "{0B1204DD-5D31-4CCB-9B09-AAEF03C498FA}"
EndProject
Project("{FAE04EC0-301F-11D3-BF4B-00C04F79EFBC}") = "11.BitwiseExtractBitNr3", "11.BitwiseExtractBitNr3\11.BitwiseExtractBitNr3.csproj", "{5CEA89B4-9166-45D1-9F8D-64E3F8953138}"
EndProject
Project("{FAE04EC0-301F-11D3-BF4B-00C04F79EFBC}") = "12.Extract Bit from Integer", "12.Extract Bit from Integer\12.Extract Bit from Integer.csproj", "{61044EFB-53FC-4E9E-A179-66FD41F1E044}"
EndProject
Project("{FAE04EC0-301F-11D3-BF4B-00C04F79EFBC}") = "13 Check a Bit at Given Position", "13 Check a Bit at Given Position\13 Check a Bit at Given Position.csproj", "{26538474-393A-4E55-948C-B29BC05CD265}"
EndProject
Project("{FAE04EC0-301F-11D3-BF4B-00C04F79EFBC}") = "14.Modify a Bit at Given Position", "14.Modify a Bit at Given Position\14.Modify a Bit at Given Position.csproj", "{B4E59772-48E2-46BE-BFD2-20D4E1D2ACF9}"
EndProject
Global
	GlobalSection(SolutionConfigurationPlatforms) = preSolution
		Debug|Any CPU = Debug|Any CPU
		Release|Any CPU = Release|Any CPU
	EndGlobalSection
	GlobalSection(ProjectConfigurationPlatforms) = postSolution
		{9982B3B3-7F9E-4553-A022-164F234B5543}.Debug|Any CPU.ActiveCfg = Debug|Any CPU
		{9982B3B3-7F9E-4553-A022-164F234B5543}.Debug|Any CPU.Build.0 = Debug|Any CPU
		{9982B3B3-7F9E-4553-A022-164F234B5543}.Release|Any CPU.ActiveCfg = Release|Any CPU
		{9982B3B3-7F9E-4553-A022-164F234B5543}.Release|Any CPU.Build.0 = Release|Any CPU
		{D9092054-62F6-4760-9DD5-FAFBABC4608D}.Debug|Any CPU.ActiveCfg = Debug|Any CPU
		{D9092054-62F6-4760-9DD5-FAFBABC4608D}.Debug|Any CPU.Build.0 = Debug|Any CPU
		{D9092054-62F6-4760-9DD5-FAFBABC4608D}.Release|Any CPU.ActiveCfg = Release|Any CPU
		{D9092054-62F6-4760-9DD5-FAFBABC4608D}.Release|Any CPU.Build.0 = Release|Any CPU
		{33A99AE0-79E0-48A8-8CC2-76A018D8C129}.Debug|Any CPU.ActiveCfg = Debug|Any CPU
		{33A99AE0-79E0-48A8-8CC2-76A018D8C129}.Debug|Any CPU.Build.0 = Debug|Any CPU
		{33A99AE0-79E0-48A8-8CC2-76A018D8C129}.Release|Any CPU.ActiveCfg = Release|Any CPU
		{33A99AE0-79E0-48A8-8CC2-76A018D8C129}.Release|Any CPU.Build.0 = Release|Any CPU
		{57E5F084-0660-4FF9-A8D4-05C90F7BA2C2}.Debug|Any CPU.ActiveCfg = Debug|Any CPU
		{57E5F084-0660-4FF9-A8D4-05C90F7BA2C2}.Debug|Any CPU.Build.0 = Debug|Any CPU
		{57E5F084-0660-4FF9-A8D4-05C90F7BA2C2}.Release|Any CPU.ActiveCfg = Release|Any CPU
		{57E5F084-0660-4FF9-A8D4-05C90F7BA2C2}.Release|Any CPU.Build.0 = Release|Any CPU
		{FC67088D-2DDF-4F02-9E3C-B16F605A8B1A}.Debug|Any CPU.ActiveCfg = Debug|Any CPU
		{FC67088D-2DDF-4F02-9E3C-B16F605A8B1A}.Debug|Any CPU.Build.0 = Debug|Any CPU
		{FC67088D-2DDF-4F02-9E3C-B16F605A8B1A}.Release|Any CPU.ActiveCfg = Release|Any CPU
		{FC67088D-2DDF-4F02-9E3C-B16F605A8B1A}.Release|Any CPU.Build.0 = Release|Any CPU
		{CDB62243-E8A7-4442-AF9C-D7C509A691B4}.Debug|Any CPU.ActiveCfg = Debug|Any CPU
		{CDB62243-E8A7-4442-AF9C-D7C509A691B4}.Debug|Any CPU.Build.0 = Debug|Any CPU
		{CDB62243-E8A7-4442-AF9C-D7C509A691B4}.Release|Any CPU.ActiveCfg = Release|Any CPU
		{CDB62243-E8A7-4442-AF9C-D7C509A691B4}.Release|Any CPU.Build.0 = Release|Any CPU
		{1D4E5DE8-4460-4ADA-B263-827CA35987F3}.Debug|Any CPU.ActiveCfg = Debug|Any CPU
		{1D4E5DE8-4460-4ADA-B263-827CA35987F3}.Debug|Any CPU.Build.0 = Debug|Any CPU
		{1D4E5DE8-4460-4ADA-B263-827CA35987F3}.Release|Any CPU.ActiveCfg = Release|Any CPU
		{1D4E5DE8-4460-4ADA-B263-827CA35987F3}.Release|Any CPU.Build.0 = Release|Any CPU
		{162F5D13-D4B0-4324-ADE7-36F7C8C25666}.Debug|Any CPU.ActiveCfg = Debug|Any CPU
		{162F5D13-D4B0-4324-ADE7-36F7C8C25666}.Debug|Any CPU.Build.0 = Debug|Any CPU
		{162F5D13-D4B0-4324-ADE7-36F7C8C25666}.Release|Any CPU.ActiveCfg = Release|Any CPU
		{162F5D13-D4B0-4324-ADE7-36F7C8C25666}.Release|Any CPU.Build.0 = Release|Any CPU
		{73CD136D-C2A5-4D0E-80F4-BCD170FCBBF1}.Debug|Any CPU.ActiveCfg = Debug|Any CPU
		{73CD136D-C2A5-4D0E-80F4-BCD170FCBBF1}.Debug|Any CPU.Build.0 = Debug|Any CPU
		{73CD136D-C2A5-4D0E-80F4-BCD170FCBBF1}.Release|Any CPU.ActiveCfg = Release|Any CPU
		{73CD136D-C2A5-4D0E-80F4-BCD170FCBBF1}.Release|Any CPU.Build.0 = Release|Any CPU
		{0B1204DD-5D31-4CCB-9B09-AAEF03C498FA}.Debug|Any CPU.ActiveCfg = Debug|Any CPU
		{0B1204DD-5D31-4CCB-9B09-AAEF03C498FA}.Debug|Any CPU.Build.0 = Debug|Any CPU
		{0B1204DD-5D31-4CCB-9B09-AAEF03C498FA}.Release|Any CPU.ActiveCfg = Release|Any CPU
		{0B1204DD-5D31-4CCB-9B09-AAEF03C498FA}.Release|Any CPU.Build.0 = Release|Any CPU
		{5CEA89B4-9166-45D1-9F8D-64E3F8953138}.Debug|Any CPU.ActiveCfg = Debug|Any CPU
		{5CEA89B4-9166-45D1-9F8D-64E3F8953138}.Debug|Any CPU.Build.0 = Debug|Any CPU
		{5CEA89B4-9166-45D1-9F8D-64E3F8953138}.Release|Any CPU.ActiveCfg = Release|Any CPU
		{5CEA89B4-9166-45D1-9F8D-64E3F8953138}.Release|Any CPU.Build.0 = Release|Any CPU
		{61044EFB-53FC-4E9E-A179-66FD41F1E044}.Debug|Any CPU.ActiveCfg = Debug|Any CPU
		{61044EFB-53FC-4E9E-A179-66FD41F1E044}.Debug|Any CPU.Build.0 = Debug|Any CPU
		{61044EFB-53FC-4E9E-A179-66FD41F1E044}.Release|Any CPU.ActiveCfg = Release|Any CPU
		{61044EFB-53FC-4E9E-A179-66FD41F1E044}.Release|Any CPU.Build.0 = Release|Any CPU
		{26538474-393A-4E55-948C-B29BC05CD265}.Debug|Any CPU.ActiveCfg = Debug|Any CPU
		{26538474-393A-4E55-948C-B29BC05CD265}.Debug|Any CPU.Build.0 = Debug|Any CPU
		{26538474-393A-4E55-948C-B29BC05CD265}.Release|Any CPU.ActiveCfg = Release|Any CPU
		{26538474-393A-4E55-948C-B29BC05CD265}.Release|Any CPU.Build.0 = Release|Any CPU
		{B4E59772-48E2-46BE-BFD2-20D4E1D2ACF9}.Debug|Any CPU.ActiveCfg = Debug|Any CPU
		{B4E59772-48E2-46BE-BFD2-20D4E1D2ACF9}.Debug|Any CPU.Build.0 = Debug|Any CPU
		{B4E59772-48E2-46BE-BFD2-20D4E1D2ACF9}.Release|Any CPU.ActiveCfg = Release|Any CPU
		{B4E59772-48E2-46BE-BFD2-20D4E1D2ACF9}.Release|Any CPU.Build.0 = Release|Any CPU
	EndGlobalSection
	GlobalSection(SolutionProperties) = preSolution
		HideSolutionNode = FALSE
	EndGlobalSection
EndGlobal
