
Microsoft Visual Studio Solution File, Format Version 12.00
# Visual Studio 2013
VisualStudioVersion = 12.0.31101.0
MinimumVisualStudioVersion = 10.0.40219.1
Project("{FAE04EC0-301F-11D3-BF4B-00C04F79EFBC}") = "01.Exchange If Greater", "01.Exchange If Greater\01.Exchange If Greater.csproj", "{7179B7EA-2E50-47F3-A405-B64AF7EF989A}"
EndProject
Project("{FAE04EC0-301F-11D3-BF4B-00C04F79EFBC}") = "02.Bonus Score", "02.Bonus Score\02.Bonus Score.csproj", "{A422EE6F-521A-46AA-A7A6-6D5D471773CD}"
EndProject
Global
	GlobalSection(SolutionConfigurationPlatforms) = preSolution
		Debug|Any CPU = Debug|Any CPU
		Release|Any CPU = Release|Any CPU
	EndGlobalSection
	GlobalSection(ProjectConfigurationPlatforms) = postSolution
		{7179B7EA-2E50-47F3-A405-B64AF7EF989A}.Debug|Any CPU.ActiveCfg = Debug|Any CPU
		{7179B7EA-2E50-47F3-A405-B64AF7EF989A}.Debug|Any CPU.Build.0 = Debug|Any CPU
		{7179B7EA-2E50-47F3-A405-B64AF7EF989A}.Release|Any CPU.ActiveCfg = Release|Any CPU
		{7179B7EA-2E50-47F3-A405-B64AF7EF989A}.Release|Any CPU.Build.0 = Release|Any CPU
		{A422EE6F-521A-46AA-A7A6-6D5D471773CD}.Debug|Any CPU.ActiveCfg = Debug|Any CPU
		{A422EE6F-521A-46AA-A7A6-6D5D471773CD}.Debug|Any CPU.Build.0 = Debug|Any CPU
		{A422EE6F-521A-46AA-A7A6-6D5D471773CD}.Release|Any CPU.ActiveCfg = Release|Any CPU
		{A422EE6F-521A-46AA-A7A6-6D5D471773CD}.Release|Any CPU.Build.0 = Release|Any CPU
	EndGlobalSection
	GlobalSection(SolutionProperties) = preSolution
		HideSolutionNode = FALSE
	EndGlobalSection
EndGlobal
